{
  "name": "whatsapp-group-manager-bot",
  "lockfileVersion": 2,
  "requires": true,
  "packages": {
    "": {
      "name": "whatsapp-group-manager-bot",
      "version": "1.0.0",
      "license": "MIT",
      "dependencies": {
        "whatsapp-web.js": "^1.25.0",
        "qrcode-terminal": "^0.12.0",
        "axios": "^1.6.0"
      }
    }
  }
}
